# This file is autogenerated, do not edit; changes may be undone by the next 'dep ensure'.


[[projects]]
  name = "github.com/OneOfOne/xxhash"
  packages = ["."]
  revision = "456a93f5dffea9f90d34d67b03b144f12a8125cc"
  version = "v1.2.4"

[[projects]]
  name = "github.com/hugoluchessi/bitarray"
  packages = ["."]
  revision = "2e3e3f8c72e228c3e8c8ceb92bf2d14001c17c61"
  version = "1.0.0"

[[projects]]
  branch = "master"
  name = "github.com/hugoluchessi/goerrors"
  packages = ["."]
  revision = "1936f6f3c5f32b416af1e857b183187c164104b5"

[solve-meta]
  analyzer-name = "dep"
  analyzer-version = 1
  inputs-digest = "69a259f480af8cd93aa8783ded847c7ff611ba52b87c92a3e909dbb56194fb31"
  solver-name = "gps-cdcl"
  solver-version = 1
